
Microsoft Visual Studio Solution File, Format Version 12.00
# Visual Studio 2012
Project("{FAE04EC0-301F-11D3-BF4B-00C04F79EFBC}") = "MvcApplicationWithNuGetAutoRestore", "MvcApplicationWithNuGetAutoRestore\MvcApplicationWithNuGetAutoRestore.csproj", "{322D7D05-1924-4F68-B155-5C0E32720757}"
EndProject
Project("{FAE04EC0-301F-11D3-BF4B-00C04F79EFBC}") = "MvcApplicationWithNuGetAutoRestore.Tests", "MvcApplicationWithNuGetAutoRestore.Tests\MvcApplicationWithNuGetAutoRestore.Tests.csproj", "{CB4110CC-8D3F-42CA-A2C9-5EC76A986220}"
EndProject
Global
	GlobalSection(SolutionConfigurationPlatforms) = preSolution
		Debug|Any CPU = Debug|Any CPU
		Release|Any CPU = Release|Any CPU
	EndGlobalSection
	GlobalSection(ProjectConfigurationPlatforms) = postSolution
		{322D7D05-1924-4F68-B155-5C0E32720757}.Debug|Any CPU.ActiveCfg = Debug|Any CPU
		{322D7D05-1924-4F68-B155-5C0E32720757}.Debug|Any CPU.Build.0 = Debug|Any CPU
		{322D7D05-1924-4F68-B155-5C0E32720757}.Release|Any CPU.ActiveCfg = Release|Any CPU
		{322D7D05-1924-4F68-B155-5C0E32720757}.Release|Any CPU.Build.0 = Release|Any CPU
		{CB4110CC-8D3F-42CA-A2C9-5EC76A986220}.Debug|Any CPU.ActiveCfg = Debug|Any CPU
		{CB4110CC-8D3F-42CA-A2C9-5EC76A986220}.Debug|Any CPU.Build.0 = Debug|Any CPU
		{CB4110CC-8D3F-42CA-A2C9-5EC76A986220}.Release|Any CPU.ActiveCfg = Release|Any CPU
		{CB4110CC-8D3F-42CA-A2C9-5EC76A986220}.Release|Any CPU.Build.0 = Release|Any CPU
	EndGlobalSection
	GlobalSection(SolutionProperties) = preSolution
		HideSolutionNode = FALSE
	EndGlobalSection
EndGlobal
